// !$*UTF8*$!
{
	archiveVersion = 1;
	classes = {
	};
	objectVersion = 56;
	objects = {

/* Begin PBXBuildFile section */
		4C5534B12B1E422B00AA8C48 /* RootController.swift in Sources */ = {isa = PBXBuildFile; fileRef = 4C5534B02B1E422B00AA8C48 /* RootController.swift */; };
		4C5534B32B1E426D00AA8C48 /* RootController+UIToolbar.swift in Sources */ = {isa = PBXBuildFile; fileRef = 4C5534B22B1E426D00AA8C48 /* RootController+UIToolbar.swift */; };
		4C5534B62B1E46B800AA8C48 /* UIColor+Extension.swift in Sources */ = {isa = PBXBuildFile; fileRef = 4C5534B52B1E46B800AA8C48 /* UIColor+Extension.swift */; };
		4C6D0D6C2B1E787F00B40F58 /* ControllerManager.swift in Sources */ = {isa = PBXBuildFile; fileRef = 4C6D0D6B2B1E787F00B40F58 /* ControllerManager.swift */; };
		4C6D0D6E2B1E78A000B40F58 /* Router.swift in Sources */ = {isa = PBXBuildFile; fileRef = 4C6D0D6D2B1E78A000B40F58 /* Router.swift */; };
		D42808A0291AA73D0083E826 /* ContactsViewModel.swift in Sources */ = {isa = PBXBuildFile; fileRef = D428089F291AA73D0083E826 /* ContactsViewModel.swift */; };
		D42808A2291AA7C50083E826 /* ContactsRouter.swift in Sources */ = {isa = PBXBuildFile; fileRef = D42808A1291AA7C50083E826 /* ContactsRouter.swift */; };
		D42808A4291AA7E10083E826 /* ContactsController.swift in Sources */ = {isa = PBXBuildFile; fileRef = D42808A3291AA7E10083E826 /* ContactsController.swift */; };
		D42808A6291AA7F00083E826 /* ContactsBuilder.swift in Sources */ = {isa = PBXBuildFile; fileRef = D42808A5291AA7F00083E826 /* ContactsBuilder.swift */; };
		D46AC0D729169C1800CBC039 /* AppDelegate.swift in Sources */ = {isa = PBXBuildFile; fileRef = D46AC0D629169C1800CBC039 /* AppDelegate.swift */; };
		D46AC0D929169C1800CBC039 /* SceneDelegate.swift in Sources */ = {isa = PBXBuildFile; fileRef = D46AC0D829169C1800CBC039 /* SceneDelegate.swift */; };
		D46AC0DB29169C1800CBC039 /* SearchController.swift in Sources */ = {isa = PBXBuildFile; fileRef = D46AC0DA29169C1800CBC039 /* SearchController.swift */; };
		D46AC0E129169C1800CBC039 /* inJob.xcdatamodeld in Sources */ = {isa = PBXBuildFile; fileRef = D46AC0DF29169C1800CBC039 /* inJob.xcdatamodeld */; };
		D46AC0E329169C1900CBC039 /* Assets.xcassets in Resources */ = {isa = PBXBuildFile; fileRef = D46AC0E229169C1900CBC039 /* Assets.xcassets */; };
		D46AC0E629169C1900CBC039 /* LaunchScreen.storyboard in Resources */ = {isa = PBXBuildFile; fileRef = D46AC0E429169C1900CBC039 /* LaunchScreen.storyboard */; };
		D46AC0F129169C1900CBC039 /* inJobTests.swift in Sources */ = {isa = PBXBuildFile; fileRef = D46AC0F029169C1900CBC039 /* inJobTests.swift */; };
		D46AC0FB29169C1900CBC039 /* inJobUITests.swift in Sources */ = {isa = PBXBuildFile; fileRef = D46AC0FA29169C1900CBC039 /* inJobUITests.swift */; };
		D46AC0FD29169C1900CBC039 /* inJobUITestsLaunchTests.swift in Sources */ = {isa = PBXBuildFile; fileRef = D46AC0FC29169C1900CBC039 /* inJobUITestsLaunchTests.swift */; };
		D46AC1112916B0C900CBC039 /* SearchViewModel.swift in Sources */ = {isa = PBXBuildFile; fileRef = D46AC1102916B0C900CBC039 /* SearchViewModel.swift */; };
		D46AC1132916B18600CBC039 /* SearchRouter.swift in Sources */ = {isa = PBXBuildFile; fileRef = D46AC1122916B18600CBC039 /* SearchRouter.swift */; };
		D46AC1152916B1F300CBC039 /* SearchBuilder.swift in Sources */ = {isa = PBXBuildFile; fileRef = D46AC1142916B1F300CBC039 /* SearchBuilder.swift */; };
		D46AC1192916B52600CBC039 /* TableCellConfigurable.swift in Sources */ = {isa = PBXBuildFile; fileRef = D46AC1182916B52600CBC039 /* TableCellConfigurable.swift */; };
		D46AC11B2916B54E00CBC039 /* TableCellViewModelProtocol.swift in Sources */ = {isa = PBXBuildFile; fileRef = D46AC11A2916B54E00CBC039 /* TableCellViewModelProtocol.swift */; };
		D46AC11D2916B63800CBC039 /* SectionViewModelProtocol.swift in Sources */ = {isa = PBXBuildFile; fileRef = D46AC11C2916B63800CBC039 /* SectionViewModelProtocol.swift */; };
		D46AC1202916B96100CBC039 /* RandomCollection+Extensions.swift in Sources */ = {isa = PBXBuildFile; fileRef = D46AC11F2916B96100CBC039 /* RandomCollection+Extensions.swift */; };
		D46AC1232916BEC200CBC039 /* GlobalVariable.swift in Sources */ = {isa = PBXBuildFile; fileRef = D46AC1222916BEC200CBC039 /* GlobalVariable.swift */; };
		D46AC13E2916C7CB00CBC039 /* FavoritesViewModel.swift in Sources */ = {isa = PBXBuildFile; fileRef = D46AC13D2916C7CB00CBC039 /* FavoritesViewModel.swift */; };
		D46AC1402916C7F300CBC039 /* FavoritesRouter.swift in Sources */ = {isa = PBXBuildFile; fileRef = D46AC13F2916C7F300CBC039 /* FavoritesRouter.swift */; };
		D46AC1422916C80A00CBC039 /* FavoritesController.swift in Sources */ = {isa = PBXBuildFile; fileRef = D46AC1412916C80A00CBC039 /* FavoritesController.swift */; };
		D46AC1442916C81400CBC039 /* FavoritesBuilder.swift in Sources */ = {isa = PBXBuildFile; fileRef = D46AC1432916C81400CBC039 /* FavoritesBuilder.swift */; };
		D46AC1462916C83100CBC039 /* AddViewModel.swift in Sources */ = {isa = PBXBuildFile; fileRef = D46AC1452916C83100CBC039 /* AddViewModel.swift */; };
		D46AC14A2916C84A00CBC039 /* AddController.swift in Sources */ = {isa = PBXBuildFile; fileRef = D46AC1492916C84A00CBC039 /* AddController.swift */; };
		D46AC14C2916C85A00CBC039 /* AddRouter.swift in Sources */ = {isa = PBXBuildFile; fileRef = D46AC14B2916C85A00CBC039 /* AddRouter.swift */; };
		D46AC14E2916C86300CBC039 /* AddBuilder.swift in Sources */ = {isa = PBXBuildFile; fileRef = D46AC14D2916C86300CBC039 /* AddBuilder.swift */; };
		D46AC1502916C87800CBC039 /* ResponsesViewModel.swift in Sources */ = {isa = PBXBuildFile; fileRef = D46AC14F2916C87800CBC039 /* ResponsesViewModel.swift */; };
		D46AC1522916C88200CBC039 /* ResponsesRouter.swift in Sources */ = {isa = PBXBuildFile; fileRef = D46AC1512916C88200CBC039 /* ResponsesRouter.swift */; };
		D46AC1542916C89100CBC039 /* ResponsesController.swift in Sources */ = {isa = PBXBuildFile; fileRef = D46AC1532916C89100CBC039 /* ResponsesController.swift */; };
		D46AC1562916C89B00CBC039 /* ResponsesBuilder.swift in Sources */ = {isa = PBXBuildFile; fileRef = D46AC1552916C89B00CBC039 /* ResponsesBuilder.swift */; };
		D46AC1582916C8AC00CBC039 /* ProfileViewModel.swift in Sources */ = {isa = PBXBuildFile; fileRef = D46AC1572916C8AC00CBC039 /* ProfileViewModel.swift */; };
		D46AC15A2916C8B700CBC039 /* ProfileRouter.swift in Sources */ = {isa = PBXBuildFile; fileRef = D46AC1592916C8B700CBC039 /* ProfileRouter.swift */; };
		D46AC15C2916C8C300CBC039 /* ProfileController.swift in Sources */ = {isa = PBXBuildFile; fileRef = D46AC15B2916C8C300CBC039 /* ProfileController.swift */; };
		D46AC15E2916C8CD00CBC039 /* ProfileBuilder.swift in Sources */ = {isa = PBXBuildFile; fileRef = D46AC15D2916C8CD00CBC039 /* ProfileBuilder.swift */; };
		D46AC1622916F5AC00CBC039 /* SearchItemsViewModel.swift in Sources */ = {isa = PBXBuildFile; fileRef = D46AC1612916F5AC00CBC039 /* SearchItemsViewModel.swift */; };
		D46AC1642916F68700CBC039 /* SearchViewCell.swift in Sources */ = {isa = PBXBuildFile; fileRef = D46AC1632916F68700CBC039 /* SearchViewCell.swift */; };
		D46AC1662916F83A00CBC039 /* UIView+Extensions.swift in Sources */ = {isa = PBXBuildFile; fileRef = D46AC1652916F83A00CBC039 /* UIView+Extensions.swift */; };
		D46AC1682916F90600CBC039 /* UITableView+Extension.swift in Sources */ = {isa = PBXBuildFile; fileRef = D46AC1672916F90600CBC039 /* UITableView+Extension.swift */; };
		D46AC16A2916FAA700CBC039 /* SectionItemsViewModel.swift in Sources */ = {isa = PBXBuildFile; fileRef = D46AC1692916FAA700CBC039 /* SectionItemsViewModel.swift */; };
		D46AC16C291703D200CBC039 /* UIButton+Extension.swift in Sources */ = {isa = PBXBuildFile; fileRef = D46AC16B291703D200CBC039 /* UIButton+Extension.swift */; };
		D4DA22ED291D67560058B0F5 /* AboutUsViewModel.swift in Sources */ = {isa = PBXBuildFile; fileRef = D4DA22EC291D67560058B0F5 /* AboutUsViewModel.swift */; };
		D4DA22EF291D67630058B0F5 /* AboutUsRouter.swift in Sources */ = {isa = PBXBuildFile; fileRef = D4DA22EE291D67630058B0F5 /* AboutUsRouter.swift */; };
		D4DA22F1291D676E0058B0F5 /* AboutUsController.swift in Sources */ = {isa = PBXBuildFile; fileRef = D4DA22F0291D676E0058B0F5 /* AboutUsController.swift */; };
		D4DA22F3291D67770058B0F5 /* AboutUsBuilder.swift in Sources */ = {isa = PBXBuildFile; fileRef = D4DA22F2291D67770058B0F5 /* AboutUsBuilder.swift */; };
		D4DA22F5291D67B20058B0F5 /* MyAddViewModel.swift in Sources */ = {isa = PBXBuildFile; fileRef = D4DA22F4291D67B20058B0F5 /* MyAddViewModel.swift */; };
		D4DA22F7291D67BD0058B0F5 /* MyAddRouter.swift in Sources */ = {isa = PBXBuildFile; fileRef = D4DA22F6291D67BD0058B0F5 /* MyAddRouter.swift */; };
		D4DA22F9291D67D60058B0F5 /* MyAddController.swift in Sources */ = {isa = PBXBuildFile; fileRef = D4DA22F8291D67D60058B0F5 /* MyAddController.swift */; };
		D4DA22FB291D67E10058B0F5 /* MyAddBuilder.swift in Sources */ = {isa = PBXBuildFile; fileRef = D4DA22FA291D67E10058B0F5 /* MyAddBuilder.swift */; };
/* End PBXBuildFile section */

/* Begin PBXContainerItemProxy section */
		D46AC0ED29169C1900CBC039 /* PBXContainerItemProxy */ = {
			isa = PBXContainerItemProxy;
			containerPortal = D46AC0CB29169C1800CBC039 /* Project object */;
			proxyType = 1;
			remoteGlobalIDString = D46AC0D229169C1800CBC039;
			remoteInfo = inJob;
		};
		D46AC0F729169C1900CBC039 /* PBXContainerItemProxy */ = {
			isa = PBXContainerItemProxy;
			containerPortal = D46AC0CB29169C1800CBC039 /* Project object */;
			proxyType = 1;
			remoteGlobalIDString = D46AC0D229169C1800CBC039;
			remoteInfo = inJob;
		};
/* End PBXContainerItemProxy section */

/* Begin PBXFileReference section */
		4C5534B02B1E422B00AA8C48 /* RootController.swift */ = {isa = PBXFileReference; lastKnownFileType = sourcecode.swift; path = RootController.swift; sourceTree = "<group>"; };
		4C5534B22B1E426D00AA8C48 /* RootController+UIToolbar.swift */ = {isa = PBXFileReference; lastKnownFileType = sourcecode.swift; path = "RootController+UIToolbar.swift"; sourceTree = "<group>"; };
		4C5534B52B1E46B800AA8C48 /* UIColor+Extension.swift */ = {isa = PBXFileReference; lastKnownFileType = sourcecode.swift; path = "UIColor+Extension.swift"; sourceTree = "<group>"; };
		4C6D0D6B2B1E787F00B40F58 /* ControllerManager.swift */ = {isa = PBXFileReference; lastKnownFileType = sourcecode.swift; path = ControllerManager.swift; sourceTree = "<group>"; };
		4C6D0D6D2B1E78A000B40F58 /* Router.swift */ = {isa = PBXFileReference; lastKnownFileType = sourcecode.swift; path = Router.swift; sourceTree = "<group>"; };
		D428089F291AA73D0083E826 /* ContactsViewModel.swift */ = {isa = PBXFileReference; lastKnownFileType = sourcecode.swift; path = ContactsViewModel.swift; sourceTree = "<group>"; };
		D42808A1291AA7C50083E826 /* ContactsRouter.swift */ = {isa = PBXFileReference; lastKnownFileType = sourcecode.swift; path = ContactsRouter.swift; sourceTree = "<group>"; };
		D42808A3291AA7E10083E826 /* ContactsController.swift */ = {isa = PBXFileReference; lastKnownFileType = sourcecode.swift; path = ContactsController.swift; sourceTree = "<group>"; };
		D42808A5291AA7F00083E826 /* ContactsBuilder.swift */ = {isa = PBXFileReference; lastKnownFileType = sourcecode.swift; path = ContactsBuilder.swift; sourceTree = "<group>"; };
		D46AC0D329169C1800CBC039 /* inJob.app */ = {isa = PBXFileReference; explicitFileType = wrapper.application; includeInIndex = 0; path = inJob.app; sourceTree = BUILT_PRODUCTS_DIR; };
		D46AC0D629169C1800CBC039 /* AppDelegate.swift */ = {isa = PBXFileReference; lastKnownFileType = sourcecode.swift; path = AppDelegate.swift; sourceTree = "<group>"; };
		D46AC0D829169C1800CBC039 /* SceneDelegate.swift */ = {isa = PBXFileReference; lastKnownFileType = sourcecode.swift; path = SceneDelegate.swift; sourceTree = "<group>"; };
		D46AC0DA29169C1800CBC039 /* SearchController.swift */ = {isa = PBXFileReference; lastKnownFileType = sourcecode.swift; path = SearchController.swift; sourceTree = "<group>"; };
		D46AC0E029169C1800CBC039 /* inJob.xcdatamodel */ = {isa = PBXFileReference; lastKnownFileType = wrapper.xcdatamodel; path = inJob.xcdatamodel; sourceTree = "<group>"; };
		D46AC0E229169C1900CBC039 /* Assets.xcassets */ = {isa = PBXFileReference; lastKnownFileType = folder.assetcatalog; path = Assets.xcassets; sourceTree = "<group>"; };
		D46AC0E529169C1900CBC039 /* Base */ = {isa = PBXFileReference; lastKnownFileType = file.storyboard; name = Base; path = Base.lproj/LaunchScreen.storyboard; sourceTree = "<group>"; };
		D46AC0E729169C1900CBC039 /* Info.plist */ = {isa = PBXFileReference; lastKnownFileType = text.plist.xml; path = Info.plist; sourceTree = "<group>"; };
		D46AC0EC29169C1900CBC039 /* inJobTests.xctest */ = {isa = PBXFileReference; explicitFileType = wrapper.cfbundle; includeInIndex = 0; path = inJobTests.xctest; sourceTree = BUILT_PRODUCTS_DIR; };
		D46AC0F029169C1900CBC039 /* inJobTests.swift */ = {isa = PBXFileReference; lastKnownFileType = sourcecode.swift; path = inJobTests.swift; sourceTree = "<group>"; };
		D46AC0F629169C1900CBC039 /* inJobUITests.xctest */ = {isa = PBXFileReference; explicitFileType = wrapper.cfbundle; includeInIndex = 0; path = inJobUITests.xctest; sourceTree = BUILT_PRODUCTS_DIR; };
		D46AC0FA29169C1900CBC039 /* inJobUITests.swift */ = {isa = PBXFileReference; lastKnownFileType = sourcecode.swift; path = inJobUITests.swift; sourceTree = "<group>"; };
		D46AC0FC29169C1900CBC039 /* inJobUITestsLaunchTests.swift */ = {isa = PBXFileReference; lastKnownFileType = sourcecode.swift; path = inJobUITestsLaunchTests.swift; sourceTree = "<group>"; };
		D46AC1102916B0C900CBC039 /* SearchViewModel.swift */ = {isa = PBXFileReference; lastKnownFileType = sourcecode.swift; path = SearchViewModel.swift; sourceTree = "<group>"; };
		D46AC1122916B18600CBC039 /* SearchRouter.swift */ = {isa = PBXFileReference; lastKnownFileType = sourcecode.swift; path = SearchRouter.swift; sourceTree = "<group>"; };
		D46AC1142916B1F300CBC039 /* SearchBuilder.swift */ = {isa = PBXFileReference; lastKnownFileType = sourcecode.swift; path = SearchBuilder.swift; sourceTree = "<group>"; };
		D46AC1182916B52600CBC039 /* TableCellConfigurable.swift */ = {isa = PBXFileReference; lastKnownFileType = sourcecode.swift; path = TableCellConfigurable.swift; sourceTree = "<group>"; };
		D46AC11A2916B54E00CBC039 /* TableCellViewModelProtocol.swift */ = {isa = PBXFileReference; lastKnownFileType = sourcecode.swift; path = TableCellViewModelProtocol.swift; sourceTree = "<group>"; };
		D46AC11C2916B63800CBC039 /* SectionViewModelProtocol.swift */ = {isa = PBXFileReference; lastKnownFileType = sourcecode.swift; path = SectionViewModelProtocol.swift; sourceTree = "<group>"; };
		D46AC11F2916B96100CBC039 /* RandomCollection+Extensions.swift */ = {isa = PBXFileReference; lastKnownFileType = sourcecode.swift; path = "RandomCollection+Extensions.swift"; sourceTree = "<group>"; };
		D46AC1222916BEC200CBC039 /* GlobalVariable.swift */ = {isa = PBXFileReference; lastKnownFileType = sourcecode.swift; path = GlobalVariable.swift; sourceTree = "<group>"; };
		D46AC13D2916C7CB00CBC039 /* FavoritesViewModel.swift */ = {isa = PBXFileReference; lastKnownFileType = sourcecode.swift; path = FavoritesViewModel.swift; sourceTree = "<group>"; };
		D46AC13F2916C7F300CBC039 /* FavoritesRouter.swift */ = {isa = PBXFileReference; lastKnownFileType = sourcecode.swift; path = FavoritesRouter.swift; sourceTree = "<group>"; };
		D46AC1412916C80A00CBC039 /* FavoritesController.swift */ = {isa = PBXFileReference; lastKnownFileType = sourcecode.swift; path = FavoritesController.swift; sourceTree = "<group>"; };
		D46AC1432916C81400CBC039 /* FavoritesBuilder.swift */ = {isa = PBXFileReference; lastKnownFileType = sourcecode.swift; path = FavoritesBuilder.swift; sourceTree = "<group>"; };
		D46AC1452916C83100CBC039 /* AddViewModel.swift */ = {isa = PBXFileReference; lastKnownFileType = sourcecode.swift; path = AddViewModel.swift; sourceTree = "<group>"; };
		D46AC1492916C84A00CBC039 /* AddController.swift */ = {isa = PBXFileReference; lastKnownFileType = sourcecode.swift; path = AddController.swift; sourceTree = "<group>"; };
		D46AC14B2916C85A00CBC039 /* AddRouter.swift */ = {isa = PBXFileReference; lastKnownFileType = sourcecode.swift; path = AddRouter.swift; sourceTree = "<group>"; };
		D46AC14D2916C86300CBC039 /* AddBuilder.swift */ = {isa = PBXFileReference; lastKnownFileType = sourcecode.swift; path = AddBuilder.swift; sourceTree = "<group>"; };
		D46AC14F2916C87800CBC039 /* ResponsesViewModel.swift */ = {isa = PBXFileReference; lastKnownFileType = sourcecode.swift; path = ResponsesViewModel.swift; sourceTree = "<group>"; };
		D46AC1512916C88200CBC039 /* ResponsesRouter.swift */ = {isa = PBXFileReference; lastKnownFileType = sourcecode.swift; path = ResponsesRouter.swift; sourceTree = "<group>"; };
		D46AC1532916C89100CBC039 /* ResponsesController.swift */ = {isa = PBXFileReference; lastKnownFileType = sourcecode.swift; path = ResponsesController.swift; sourceTree = "<group>"; };
		D46AC1552916C89B00CBC039 /* ResponsesBuilder.swift */ = {isa = PBXFileReference; lastKnownFileType = sourcecode.swift; path = ResponsesBuilder.swift; sourceTree = "<group>"; };
		D46AC1572916C8AC00CBC039 /* ProfileViewModel.swift */ = {isa = PBXFileReference; lastKnownFileType = sourcecode.swift; path = ProfileViewModel.swift; sourceTree = "<group>"; };
		D46AC1592916C8B700CBC039 /* ProfileRouter.swift */ = {isa = PBXFileReference; lastKnownFileType = sourcecode.swift; path = ProfileRouter.swift; sourceTree = "<group>"; };
		D46AC15B2916C8C300CBC039 /* ProfileController.swift */ = {isa = PBXFileReference; lastKnownFileType = sourcecode.swift; path = ProfileController.swift; sourceTree = "<group>"; };
		D46AC15D2916C8CD00CBC039 /* ProfileBuilder.swift */ = {isa = PBXFileReference; lastKnownFileType = sourcecode.swift; path = ProfileBuilder.swift; sourceTree = "<group>"; };
		D46AC1612916F5AC00CBC039 /* SearchItemsViewModel.swift */ = {isa = PBXFileReference; lastKnownFileType = sourcecode.swift; path = SearchItemsViewModel.swift; sourceTree = "<group>"; };
		D46AC1632916F68700CBC039 /* SearchViewCell.swift */ = {isa = PBXFileReference; lastKnownFileType = sourcecode.swift; path = SearchViewCell.swift; sourceTree = "<group>"; };
		D46AC1652916F83A00CBC039 /* UIView+Extensions.swift */ = {isa = PBXFileReference; lastKnownFileType = sourcecode.swift; path = "UIView+Extensions.swift"; sourceTree = "<group>"; };
		D46AC1672916F90600CBC039 /* UITableView+Extension.swift */ = {isa = PBXFileReference; lastKnownFileType = sourcecode.swift; path = "UITableView+Extension.swift"; sourceTree = "<group>"; };
		D46AC1692916FAA700CBC039 /* SectionItemsViewModel.swift */ = {isa = PBXFileReference; lastKnownFileType = sourcecode.swift; path = SectionItemsViewModel.swift; sourceTree = "<group>"; };
		D46AC16B291703D200CBC039 /* UIButton+Extension.swift */ = {isa = PBXFileReference; lastKnownFileType = sourcecode.swift; path = "UIButton+Extension.swift"; sourceTree = "<group>"; };
		D4DA22EC291D67560058B0F5 /* AboutUsViewModel.swift */ = {isa = PBXFileReference; lastKnownFileType = sourcecode.swift; path = AboutUsViewModel.swift; sourceTree = "<group>"; };
		D4DA22EE291D67630058B0F5 /* AboutUsRouter.swift */ = {isa = PBXFileReference; lastKnownFileType = sourcecode.swift; path = AboutUsRouter.swift; sourceTree = "<group>"; };
		D4DA22F0291D676E0058B0F5 /* AboutUsController.swift */ = {isa = PBXFileReference; lastKnownFileType = sourcecode.swift; path = AboutUsController.swift; sourceTree = "<group>"; };
		D4DA22F2291D67770058B0F5 /* AboutUsBuilder.swift */ = {isa = PBXFileReference; lastKnownFileType = sourcecode.swift; path = AboutUsBuilder.swift; sourceTree = "<group>"; };
		D4DA22F4291D67B20058B0F5 /* MyAddViewModel.swift */ = {isa = PBXFileReference; lastKnownFileType = sourcecode.swift; path = MyAddViewModel.swift; sourceTree = "<group>"; };
		D4DA22F6291D67BD0058B0F5 /* MyAddRouter.swift */ = {isa = PBXFileReference; lastKnownFileType = sourcecode.swift; path = MyAddRouter.swift; sourceTree = "<group>"; };
		D4DA22F8291D67D60058B0F5 /* MyAddController.swift */ = {isa = PBXFileReference; lastKnownFileType = sourcecode.swift; path = MyAddController.swift; sourceTree = "<group>"; };
		D4DA22FA291D67E10058B0F5 /* MyAddBuilder.swift */ = {isa = PBXFileReference; lastKnownFileType = sourcecode.swift; path = MyAddBuilder.swift; sourceTree = "<group>"; };
/* End PBXFileReference section */

/* Begin PBXFrameworksBuildPhase section */
		D46AC0D029169C1800CBC039 /* Frameworks */ = {
			isa = PBXFrameworksBuildPhase;
			buildActionMask = 2147483647;
			files = (
			);
			runOnlyForDeploymentPostprocessing = 0;
		};
		D46AC0E929169C1900CBC039 /* Frameworks */ = {
			isa = PBXFrameworksBuildPhase;
			buildActionMask = 2147483647;
			files = (
			);
			runOnlyForDeploymentPostprocessing = 0;
		};
		D46AC0F329169C1900CBC039 /* Frameworks */ = {
			isa = PBXFrameworksBuildPhase;
			buildActionMask = 2147483647;
			files = (
			);
			runOnlyForDeploymentPostprocessing = 0;
		};
/* End PBXFrameworksBuildPhase section */

/* Begin PBXGroup section */
		4C5534A82B1E33A000AA8C48 /* Support files */ = {
			isa = PBXGroup;
			children = (
				D46AC0D629169C1800CBC039 /* AppDelegate.swift */,
				D46AC0D829169C1800CBC039 /* SceneDelegate.swift */,
			);
			name = "Support files";
			sourceTree = "<group>";
		};
		4C5534AA2B1E346A00AA8C48 /* UIComponent */ = {
			isa = PBXGroup;
			children = (
				4C5534B42B1E469A00AA8C48 /* Extensions */,
				D46AC1172916B4E400CBC039 /* TableViewCell */,
			);
			path = UIComponent;
			sourceTree = "<group>";
		};
		4C5534AB2B1E3C4000AA8C48 /* Common */ = {
			isa = PBXGroup;
			children = (
			);
			path = Common;
			sourceTree = "<group>";
		};
		4C5534AC2B1E3C4600AA8C48 /* API */ = {
			isa = PBXGroup;
			children = (
			);
			path = API;
			sourceTree = "<group>";
		};
		4C5534AE2B1E418B00AA8C48 /* Root */ = {
			isa = PBXGroup;
			children = (
				4C5534AF2B1E41EB00AA8C48 /* Controller */,
			);
			path = Root;
			sourceTree = "<group>";
		};
		4C5534AF2B1E41EB00AA8C48 /* Controller */ = {
			isa = PBXGroup;
			children = (
				4C5534B02B1E422B00AA8C48 /* RootController.swift */,
				4C5534B22B1E426D00AA8C48 /* RootController+UIToolbar.swift */,
			);
			path = Controller;
			sourceTree = "<group>";
		};
		4C5534B42B1E469A00AA8C48 /* Extensions */ = {
			isa = PBXGroup;
			children = (
				4C5534B52B1E46B800AA8C48 /* UIColor+Extension.swift */,
			);
			path = Extensions;
			sourceTree = "<group>";
		};
		4C5534B72B1E4AC300AA8C48 /* Images */ = {
			isa = PBXGroup;
			children = (
				D46AC0E229169C1900CBC039 /* Assets.xcassets */,
			);
			path = Images;
			sourceTree = "<group>";
		};
		4C6D0D6A2B1E784600B40F58 /* MainRouter */ = {
			isa = PBXGroup;
			children = (
				4C6D0D6B2B1E787F00B40F58 /* ControllerManager.swift */,
				4C6D0D6D2B1E78A000B40F58 /* Router.swift */,
			);
			path = MainRouter;
			sourceTree = "<group>";
		};
		D4280899291AA5EA0083E826 /* Additional controllers */ = {
			isa = PBXGroup;
			children = (
				D4DA22E3291D66DC0058B0F5 /* AboutUs */,
				D4DA22E2291D66B90058B0F5 /* MyAdd */,
				D428089E291AA6D30083E826 /* Contacts */,
			);
			path = "Additional controllers";
			sourceTree = "<group>";
		};
		D428089A291AA6620083E826 /* ViewModel */ = {
			isa = PBXGroup;
			children = (
				D428089F291AA73D0083E826 /* ContactsViewModel.swift */,
			);
			path = ViewModel;
			sourceTree = "<group>";
		};
		D428089B291AA66F0083E826 /* Router */ = {
			isa = PBXGroup;
			children = (
				D42808A1291AA7C50083E826 /* ContactsRouter.swift */,
			);
			path = Router;
			sourceTree = "<group>";
		};
		D428089C291AA67C0083E826 /* Controller */ = {
			isa = PBXGroup;
			children = (
				D42808A3291AA7E10083E826 /* ContactsController.swift */,
			);
			path = Controller;
			sourceTree = "<group>";
		};
		D428089D291AA6870083E826 /* Builder */ = {
			isa = PBXGroup;
			children = (
				D42808A5291AA7F00083E826 /* ContactsBuilder.swift */,
			);
			path = Builder;
			sourceTree = "<group>";
		};
		D428089E291AA6D30083E826 /* Contacts */ = {
			isa = PBXGroup;
			children = (
				D428089D291AA6870083E826 /* Builder */,
				D428089C291AA67C0083E826 /* Controller */,
				D428089B291AA66F0083E826 /* Router */,
				D428089A291AA6620083E826 /* ViewModel */,
			);
			path = Contacts;
			sourceTree = "<group>";
		};
		D46AC0CA29169C1800CBC039 = {
			isa = PBXGroup;
			children = (
				D46AC0D529169C1800CBC039 /* inJob */,
				D46AC1212916BEAF00CBC039 /* Model */,
				D46AC0EF29169C1900CBC039 /* inJobTests */,
				D46AC0F929169C1900CBC039 /* inJobUITests */,
				D46AC0D429169C1800CBC039 /* Products */,
			);
			sourceTree = "<group>";
		};
		D46AC0D429169C1800CBC039 /* Products */ = {
			isa = PBXGroup;
			children = (
				D46AC0D329169C1800CBC039 /* inJob.app */,
				D46AC0EC29169C1900CBC039 /* inJobTests.xctest */,
				D46AC0F629169C1900CBC039 /* inJobUITests.xctest */,
			);
			name = Products;
			sourceTree = "<group>";
		};
		D46AC0D529169C1800CBC039 /* inJob */ = {
			isa = PBXGroup;
			children = (
				4C6D0D6A2B1E784600B40F58 /* MainRouter */,
				4C5534AC2B1E3C4600AA8C48 /* API */,
				4C5534AB2B1E3C4000AA8C48 /* Common */,
				D46AC12A2916C67000CBC039 /* UI */,
				4C5534B72B1E4AC300AA8C48 /* Images */,
				4C5534AA2B1E346A00AA8C48 /* UIComponent */,
				D46AC11E2916B93800CBC039 /* Extensions */,
				4C5534A82B1E33A000AA8C48 /* Support files */,
				D46AC0E429169C1900CBC039 /* LaunchScreen.storyboard */,
				D46AC0E729169C1900CBC039 /* Info.plist */,
				D46AC0DF29169C1800CBC039 /* inJob.xcdatamodeld */,
			);
			path = inJob;
			sourceTree = "<group>";
		};
		D46AC0EF29169C1900CBC039 /* inJobTests */ = {
			isa = PBXGroup;
			children = (
				D46AC0F029169C1900CBC039 /* inJobTests.swift */,
			);
			path = inJobTests;
			sourceTree = "<group>";
		};
		D46AC0F929169C1900CBC039 /* inJobUITests */ = {
			isa = PBXGroup;
			children = (
				D46AC0FA29169C1900CBC039 /* inJobUITests.swift */,
				D46AC0FC29169C1900CBC039 /* inJobUITestsLaunchTests.swift */,
			);
			path = inJobUITests;
			sourceTree = "<group>";
		};
		D46AC10B2916AFF800CBC039 /* Search */ = {
			isa = PBXGroup;
			children = (
				D46AC10F2916B02B00CBC039 /* Builder */,
				D46AC10E2916B01B00CBC039 /* Controller */,
				D46AC10D2916B01100CBC039 /* Router */,
				D46AC1602916F56000CBC039 /* View */,
				D46AC10C2916B00400CBC039 /* ViewModel */,
			);
			path = Search;
			sourceTree = "<group>";
		};
		D46AC10C2916B00400CBC039 /* ViewModel */ = {
			isa = PBXGroup;
			children = (
				D46AC15F2916F52B00CBC039 /* Items */,
				D46AC1102916B0C900CBC039 /* SearchViewModel.swift */,
			);
			path = ViewModel;
			sourceTree = "<group>";
		};
		D46AC10D2916B01100CBC039 /* Router */ = {
			isa = PBXGroup;
			children = (
				D46AC1122916B18600CBC039 /* SearchRouter.swift */,
			);
			path = Router;
			sourceTree = "<group>";
		};
		D46AC10E2916B01B00CBC039 /* Controller */ = {
			isa = PBXGroup;
			children = (
				D46AC0DA29169C1800CBC039 /* SearchController.swift */,
			);
			path = Controller;
			sourceTree = "<group>";
		};
		D46AC10F2916B02B00CBC039 /* Builder */ = {
			isa = PBXGroup;
			children = (
				D46AC1142916B1F300CBC039 /* SearchBuilder.swift */,
			);
			path = Builder;
			sourceTree = "<group>";
		};
		D46AC1172916B4E400CBC039 /* TableViewCell */ = {
			isa = PBXGroup;
			children = (
				D46AC1182916B52600CBC039 /* TableCellConfigurable.swift */,
				D46AC11A2916B54E00CBC039 /* TableCellViewModelProtocol.swift */,
				D46AC11C2916B63800CBC039 /* SectionViewModelProtocol.swift */,
			);
			path = TableViewCell;
			sourceTree = "<group>";
		};
		D46AC11E2916B93800CBC039 /* Extensions */ = {
			isa = PBXGroup;
			children = (
				D46AC11F2916B96100CBC039 /* RandomCollection+Extensions.swift */,
				D46AC1652916F83A00CBC039 /* UIView+Extensions.swift */,
				D46AC1672916F90600CBC039 /* UITableView+Extension.swift */,
				D46AC16B291703D200CBC039 /* UIButton+Extension.swift */,
			);
			path = Extensions;
			sourceTree = "<group>";
		};
		D46AC1212916BEAF00CBC039 /* Model */ = {
			isa = PBXGroup;
			children = (
				D46AC1222916BEC200CBC039 /* GlobalVariable.swift */,
			);
			path = Model;
			sourceTree = "<group>";
		};
		D46AC1262916C58A00CBC039 /* Favorites */ = {
			isa = PBXGroup;
			children = (
				D46AC1302916C6D700CBC039 /* Builder */,
				D46AC12F2916C6CC00CBC039 /* Controller */,
				D46AC12E2916C6C300CBC039 /* Router */,
				D46AC12D2916C6BB00CBC039 /* ViewModel */,
			);
			path = Favorites;
			sourceTree = "<group>";
		};
		D46AC1272916C58E00CBC039 /* Responses */ = {
			isa = PBXGroup;
			children = (
				D46AC1382916C73700CBC039 /* Builder */,
				D46AC1372916C73500CBC039 /* Controller */,
				D46AC1362916C73200CBC039 /* Router */,
				D46AC1352916C72C00CBC039 /* ViewModel */,
			);
			path = Responses;
			sourceTree = "<group>";
		};
		D46AC1282916C59100CBC039 /* Add */ = {
			isa = PBXGroup;
			children = (
				D46AC1342916C71800CBC039 /* Builder */,
				D46AC1332916C71100CBC039 /* Controller */,
				D46AC1322916C70A00CBC039 /* Router */,
				D46AC1312916C6EA00CBC039 /* ViewModel */,
			);
			path = Add;
			sourceTree = "<group>";
		};
		D46AC1292916C65200CBC039 /* Profile */ = {
			isa = PBXGroup;
			children = (
				D46AC13C2916C75C00CBC039 /* Builder */,
				D46AC13B2916C75A00CBC039 /* Controller */,
				D46AC13A2916C75800CBC039 /* Router */,
				D46AC1392916C75500CBC039 /* ViewModel */,
			);
			path = Profile;
			sourceTree = "<group>";
		};
		D46AC12A2916C67000CBC039 /* UI */ = {
			isa = PBXGroup;
			children = (
				4C5534AE2B1E418B00AA8C48 /* Root */,
				D46AC10B2916AFF800CBC039 /* Search */,
				D46AC1262916C58A00CBC039 /* Favorites */,
				D46AC1282916C59100CBC039 /* Add */,
				D46AC1272916C58E00CBC039 /* Responses */,
				D46AC1292916C65200CBC039 /* Profile */,
				D4280899291AA5EA0083E826 /* Additional controllers */,
			);
			path = UI;
			sourceTree = "<group>";
		};
		D46AC12D2916C6BB00CBC039 /* ViewModel */ = {
			isa = PBXGroup;
			children = (
				D46AC13D2916C7CB00CBC039 /* FavoritesViewModel.swift */,
			);
			path = ViewModel;
			sourceTree = "<group>";
		};
		D46AC12E2916C6C300CBC039 /* Router */ = {
			isa = PBXGroup;
			children = (
				D46AC13F2916C7F300CBC039 /* FavoritesRouter.swift */,
			);
			path = Router;
			sourceTree = "<group>";
		};
		D46AC12F2916C6CC00CBC039 /* Controller */ = {
			isa = PBXGroup;
			children = (
				D46AC1412916C80A00CBC039 /* FavoritesController.swift */,
			);
			path = Controller;
			sourceTree = "<group>";
		};
		D46AC1302916C6D700CBC039 /* Builder */ = {
			isa = PBXGroup;
			children = (
				D46AC1432916C81400CBC039 /* FavoritesBuilder.swift */,
			);
			path = Builder;
			sourceTree = "<group>";
		};
		D46AC1312916C6EA00CBC039 /* ViewModel */ = {
			isa = PBXGroup;
			children = (
				D46AC1452916C83100CBC039 /* AddViewModel.swift */,
			);
			path = ViewModel;
			sourceTree = "<group>";
		};
		D46AC1322916C70A00CBC039 /* Router */ = {
			isa = PBXGroup;
			children = (
				D46AC14B2916C85A00CBC039 /* AddRouter.swift */,
			);
			path = Router;
			sourceTree = "<group>";
		};
		D46AC1332916C71100CBC039 /* Controller */ = {
			isa = PBXGroup;
			children = (
				D46AC1492916C84A00CBC039 /* AddController.swift */,
			);
			path = Controller;
			sourceTree = "<group>";
		};
		D46AC1342916C71800CBC039 /* Builder */ = {
			isa = PBXGroup;
			children = (
				D46AC14D2916C86300CBC039 /* AddBuilder.swift */,
			);
			path = Builder;
			sourceTree = "<group>";
		};
		D46AC1352916C72C00CBC039 /* ViewModel */ = {
			isa = PBXGroup;
			children = (
				D46AC14F2916C87800CBC039 /* ResponsesViewModel.swift */,
			);
			path = ViewModel;
			sourceTree = "<group>";
		};
		D46AC1362916C73200CBC039 /* Router */ = {
			isa = PBXGroup;
			children = (
				D46AC1512916C88200CBC039 /* ResponsesRouter.swift */,
			);
			path = Router;
			sourceTree = "<group>";
		};
		D46AC1372916C73500CBC039 /* Controller */ = {
			isa = PBXGroup;
			children = (
				D46AC1532916C89100CBC039 /* ResponsesController.swift */,
			);
			path = Controller;
			sourceTree = "<group>";
		};
		D46AC1382916C73700CBC039 /* Builder */ = {
			isa = PBXGroup;
			children = (
				D46AC1552916C89B00CBC039 /* ResponsesBuilder.swift */,
			);
			path = Builder;
			sourceTree = "<group>";
		};
		D46AC1392916C75500CBC039 /* ViewModel */ = {
			isa = PBXGroup;
			children = (
				D46AC1572916C8AC00CBC039 /* ProfileViewModel.swift */,
			);
			path = ViewModel;
			sourceTree = "<group>";
		};
		D46AC13A2916C75800CBC039 /* Router */ = {
			isa = PBXGroup;
			children = (
				D46AC1592916C8B700CBC039 /* ProfileRouter.swift */,
			);
			path = Router;
			sourceTree = "<group>";
		};
		D46AC13B2916C75A00CBC039 /* Controller */ = {
			isa = PBXGroup;
			children = (
				D46AC15B2916C8C300CBC039 /* ProfileController.swift */,
			);
			path = Controller;
			sourceTree = "<group>";
		};
		D46AC13C2916C75C00CBC039 /* Builder */ = {
			isa = PBXGroup;
			children = (
				D46AC15D2916C8CD00CBC039 /* ProfileBuilder.swift */,
			);
			path = Builder;
			sourceTree = "<group>";
		};
		D46AC15F2916F52B00CBC039 /* Items */ = {
			isa = PBXGroup;
			children = (
				D46AC1612916F5AC00CBC039 /* SearchItemsViewModel.swift */,
				D46AC1692916FAA700CBC039 /* SectionItemsViewModel.swift */,
			);
			path = Items;
			sourceTree = "<group>";
		};
		D46AC1602916F56000CBC039 /* View */ = {
			isa = PBXGroup;
			children = (
				D46AC1632916F68700CBC039 /* SearchViewCell.swift */,
			);
			path = View;
			sourceTree = "<group>";
		};
		D4DA22E2291D66B90058B0F5 /* MyAdd */ = {
			isa = PBXGroup;
			children = (
				D4DA22EB291D67380058B0F5 /* Builder */,
				D4DA22EA291D67300058B0F5 /* Controller */,
				D4DA22E9291D67290058B0F5 /* Router */,
				D4DA22E8291D67210058B0F5 /* ViewModel */,
			);
			path = MyAdd;
			sourceTree = "<group>";
		};
		D4DA22E3291D66DC0058B0F5 /* AboutUs */ = {
			isa = PBXGroup;
			children = (
				D4DA22E7291D67160058B0F5 /* Builder */,
				D4DA22E6291D670C0058B0F5 /* Controller */,
				D4DA22E5291D66FD0058B0F5 /* Router */,
				D4DA22E4291D66F40058B0F5 /* ViewModel */,
			);
			path = AboutUs;
			sourceTree = "<group>";
		};
		D4DA22E4291D66F40058B0F5 /* ViewModel */ = {
			isa = PBXGroup;
			children = (
				D4DA22EC291D67560058B0F5 /* AboutUsViewModel.swift */,
			);
			path = ViewModel;
			sourceTree = "<group>";
		};
		D4DA22E5291D66FD0058B0F5 /* Router */ = {
			isa = PBXGroup;
			children = (
				D4DA22EE291D67630058B0F5 /* AboutUsRouter.swift */,
			);
			path = Router;
			sourceTree = "<group>";
		};
		D4DA22E6291D670C0058B0F5 /* Controller */ = {
			isa = PBXGroup;
			children = (
				D4DA22F0291D676E0058B0F5 /* AboutUsController.swift */,
			);
			path = Controller;
			sourceTree = "<group>";
		};
		D4DA22E7291D67160058B0F5 /* Builder */ = {
			isa = PBXGroup;
			children = (
				D4DA22F2291D67770058B0F5 /* AboutUsBuilder.swift */,
			);
			path = Builder;
			sourceTree = "<group>";
		};
		D4DA22E8291D67210058B0F5 /* ViewModel */ = {
			isa = PBXGroup;
			children = (
				D4DA22F4291D67B20058B0F5 /* MyAddViewModel.swift */,
			);
			path = ViewModel;
			sourceTree = "<group>";
		};
		D4DA22E9291D67290058B0F5 /* Router */ = {
			isa = PBXGroup;
			children = (
				D4DA22F6291D67BD0058B0F5 /* MyAddRouter.swift */,
			);
			path = Router;
			sourceTree = "<group>";
		};
		D4DA22EA291D67300058B0F5 /* Controller */ = {
			isa = PBXGroup;
			children = (
				D4DA22F8291D67D60058B0F5 /* MyAddController.swift */,
			);
			path = Controller;
			sourceTree = "<group>";
		};
		D4DA22EB291D67380058B0F5 /* Builder */ = {
			isa = PBXGroup;
			children = (
				D4DA22FA291D67E10058B0F5 /* MyAddBuilder.swift */,
			);
			path = Builder;
			sourceTree = "<group>";
		};
/* End PBXGroup section */

/* Begin PBXNativeTarget section */
		D46AC0D229169C1800CBC039 /* inJob */ = {
			isa = PBXNativeTarget;
			buildConfigurationList = D46AC10029169C1900CBC039 /* Build configuration list for PBXNativeTarget "inJob" */;
			buildPhases = (
				D46AC0CF29169C1800CBC039 /* Sources */,
				D46AC0D029169C1800CBC039 /* Frameworks */,
				D46AC0D129169C1800CBC039 /* Resources */,
			);
			buildRules = (
			);
			dependencies = (
			);
			name = inJob;
			productName = inJob;
			productReference = D46AC0D329169C1800CBC039 /* inJob.app */;
			productType = "com.apple.product-type.application";
		};
		D46AC0EB29169C1900CBC039 /* inJobTests */ = {
			isa = PBXNativeTarget;
			buildConfigurationList = D46AC10329169C1900CBC039 /* Build configuration list for PBXNativeTarget "inJobTests" */;
			buildPhases = (
				D46AC0E829169C1900CBC039 /* Sources */,
				D46AC0E929169C1900CBC039 /* Frameworks */,
				D46AC0EA29169C1900CBC039 /* Resources */,
			);
			buildRules = (
			);
			dependencies = (
				D46AC0EE29169C1900CBC039 /* PBXTargetDependency */,
			);
			name = inJobTests;
			productName = inJobTests;
			productReference = D46AC0EC29169C1900CBC039 /* inJobTests.xctest */;
			productType = "com.apple.product-type.bundle.unit-test";
		};
		D46AC0F529169C1900CBC039 /* inJobUITests */ = {
			isa = PBXNativeTarget;
			buildConfigurationList = D46AC10629169C1900CBC039 /* Build configuration list for PBXNativeTarget "inJobUITests" */;
			buildPhases = (
				D46AC0F229169C1900CBC039 /* Sources */,
				D46AC0F329169C1900CBC039 /* Frameworks */,
				D46AC0F429169C1900CBC039 /* Resources */,
			);
			buildRules = (
			);
			dependencies = (
				D46AC0F829169C1900CBC039 /* PBXTargetDependency */,
			);
			name = inJobUITests;
			productName = inJobUITests;
			productReference = D46AC0F629169C1900CBC039 /* inJobUITests.xctest */;
			productType = "com.apple.product-type.bundle.ui-testing";
		};
/* End PBXNativeTarget section */

/* Begin PBXProject section */
		D46AC0CB29169C1800CBC039 /* Project object */ = {
			isa = PBXProject;
			attributes = {
				BuildIndependentTargetsInParallel = 1;
				LastSwiftUpdateCheck = 1400;
				LastUpgradeCheck = 1400;
				TargetAttributes = {
					D46AC0D229169C1800CBC039 = {
						CreatedOnToolsVersion = 14.0.1;
					};
					D46AC0EB29169C1900CBC039 = {
						CreatedOnToolsVersion = 14.0.1;
						TestTargetID = D46AC0D229169C1800CBC039;
					};
					D46AC0F529169C1900CBC039 = {
						CreatedOnToolsVersion = 14.0.1;
						TestTargetID = D46AC0D229169C1800CBC039;
					};
				};
			};
			buildConfigurationList = D46AC0CE29169C1800CBC039 /* Build configuration list for PBXProject "inJob" */;
			compatibilityVersion = "Xcode 14.0";
			developmentRegion = en;
			hasScannedForEncodings = 0;
			knownRegions = (
				en,
				Base,
			);
			mainGroup = D46AC0CA29169C1800CBC039;
			productRefGroup = D46AC0D429169C1800CBC039 /* Products */;
			projectDirPath = "";
			projectRoot = "";
			targets = (
				D46AC0D229169C1800CBC039 /* inJob */,
				D46AC0EB29169C1900CBC039 /* inJobTests */,
				D46AC0F529169C1900CBC039 /* inJobUITests */,
			);
		};
/* End PBXProject section */

/* Begin PBXResourcesBuildPhase section */
		D46AC0D129169C1800CBC039 /* Resources */ = {
			isa = PBXResourcesBuildPhase;
			buildActionMask = 2147483647;
			files = (
				D46AC0E629169C1900CBC039 /* LaunchScreen.storyboard in Resources */,
				D46AC0E329169C1900CBC039 /* Assets.xcassets in Resources */,
			);
			runOnlyForDeploymentPostprocessing = 0;
		};
		D46AC0EA29169C1900CBC039 /* Resources */ = {
			isa = PBXResourcesBuildPhase;
			buildActionMask = 2147483647;
			files = (
			);
			runOnlyForDeploymentPostprocessing = 0;
		};
		D46AC0F429169C1900CBC039 /* Resources */ = {
			isa = PBXResourcesBuildPhase;
			buildActionMask = 2147483647;
			files = (
			);
			runOnlyForDeploymentPostprocessing = 0;
		};
/* End PBXResourcesBuildPhase section */

/* Begin PBXSourcesBuildPhase section */
		D46AC0CF29169C1800CBC039 /* Sources */ = {
			isa = PBXSourcesBuildPhase;
			buildActionMask = 2147483647;
			files = (
				4C5534B62B1E46B800AA8C48 /* UIColor+Extension.swift in Sources */,
				D46AC1132916B18600CBC039 /* SearchRouter.swift in Sources */,
				D46AC0E129169C1800CBC039 /* inJob.xcdatamodeld in Sources */,
				D46AC1422916C80A00CBC039 /* FavoritesController.swift in Sources */,
				D46AC16C291703D200CBC039 /* UIButton+Extension.swift in Sources */,
				D46AC1112916B0C900CBC039 /* SearchViewModel.swift in Sources */,
				D46AC1622916F5AC00CBC039 /* SearchItemsViewModel.swift in Sources */,
				D42808A6291AA7F00083E826 /* ContactsBuilder.swift in Sources */,
				D46AC1152916B1F300CBC039 /* SearchBuilder.swift in Sources */,
				D46AC1642916F68700CBC039 /* SearchViewCell.swift in Sources */,
				4C6D0D6E2B1E78A000B40F58 /* Router.swift in Sources */,
				D46AC0DB29169C1800CBC039 /* SearchController.swift in Sources */,
				D46AC0D729169C1800CBC039 /* AppDelegate.swift in Sources */,
				D46AC1542916C89100CBC039 /* ResponsesController.swift in Sources */,
				D42808A0291AA73D0083E826 /* ContactsViewModel.swift in Sources */,
				4C5534B32B1E426D00AA8C48 /* RootController+UIToolbar.swift in Sources */,
				D4DA22F3291D67770058B0F5 /* AboutUsBuilder.swift in Sources */,
				D46AC0D929169C1800CBC039 /* SceneDelegate.swift in Sources */,
				D46AC1232916BEC200CBC039 /* GlobalVariable.swift in Sources */,
				D4DA22F1291D676E0058B0F5 /* AboutUsController.swift in Sources */,
				D42808A2291AA7C50083E826 /* ContactsRouter.swift in Sources */,
				D46AC1562916C89B00CBC039 /* ResponsesBuilder.swift in Sources */,
				D46AC1402916C7F300CBC039 /* FavoritesRouter.swift in Sources */,
				D46AC1202916B96100CBC039 /* RandomCollection+Extensions.swift in Sources */,
				D4DA22F7291D67BD0058B0F5 /* MyAddRouter.swift in Sources */,
				4C5534B12B1E422B00AA8C48 /* RootController.swift in Sources */,
				D42808A4291AA7E10083E826 /* ContactsController.swift in Sources */,
				D46AC1442916C81400CBC039 /* FavoritesBuilder.swift in Sources */,
				D4DA22EF291D67630058B0F5 /* AboutUsRouter.swift in Sources */,
				D4DA22F5291D67B20058B0F5 /* MyAddViewModel.swift in Sources */,
				D46AC15C2916C8C300CBC039 /* ProfileController.swift in Sources */,
				D46AC15A2916C8B700CBC039 /* ProfileRouter.swift in Sources */,
				D46AC1582916C8AC00CBC039 /* ProfileViewModel.swift in Sources */,
				D46AC11B2916B54E00CBC039 /* TableCellViewModelProtocol.swift in Sources */,
				D46AC11D2916B63800CBC039 /* SectionViewModelProtocol.swift in Sources */,
				D46AC1502916C87800CBC039 /* ResponsesViewModel.swift in Sources */,
				4C6D0D6C2B1E787F00B40F58 /* ControllerManager.swift in Sources */,
				D4DA22F9291D67D60058B0F5 /* MyAddController.swift in Sources */,
				D46AC1522916C88200CBC039 /* ResponsesRouter.swift in Sources */,
				D46AC14C2916C85A00CBC039 /* AddRouter.swift in Sources */,
				D46AC1192916B52600CBC039 /* TableCellConfigurable.swift in Sources */,
				D46AC1462916C83100CBC039 /* AddViewModel.swift in Sources */,
				D46AC13E2916C7CB00CBC039 /* FavoritesViewModel.swift in Sources */,
				D46AC16A2916FAA700CBC039 /* SectionItemsViewModel.swift in Sources */,
				D46AC14A2916C84A00CBC039 /* AddController.swift in Sources */,
				D4DA22FB291D67E10058B0F5 /* MyAddBuilder.swift in Sources */,
				D46AC1662916F83A00CBC039 /* UIView+Extensions.swift in Sources */,
				D46AC14E2916C86300CBC039 /* AddBuilder.swift in Sources */,
				D46AC15E2916C8CD00CBC039 /* ProfileBuilder.swift in Sources */,
				D46AC1682916F90600CBC039 /* UITableView+Extension.swift in Sources */,
				D4DA22ED291D67560058B0F5 /* AboutUsViewModel.swift in Sources */,
			);
			runOnlyForDeploymentPostprocessing = 0;
		};
		D46AC0E829169C1900CBC039 /* Sources */ = {
			isa = PBXSourcesBuildPhase;
			buildActionMask = 2147483647;
			files = (
				D46AC0F129169C1900CBC039 /* inJobTests.swift in Sources */,
			);
			runOnlyForDeploymentPostprocessing = 0;
		};
		D46AC0F229169C1900CBC039 /* Sources */ = {
			isa = PBXSourcesBuildPhase;
			buildActionMask = 2147483647;
			files = (
				D46AC0FB29169C1900CBC039 /* inJobUITests.swift in Sources */,
				D46AC0FD29169C1900CBC039 /* inJobUITestsLaunchTests.swift in Sources */,
			);
			runOnlyForDeploymentPostprocessing = 0;
		};
/* End PBXSourcesBuildPhase section */

/* Begin PBXTargetDependency section */
		D46AC0EE29169C1900CBC039 /* PBXTargetDependency */ = {
			isa = PBXTargetDependency;
			target = D46AC0D229169C1800CBC039 /* inJob */;
			targetProxy = D46AC0ED29169C1900CBC039 /* PBXContainerItemProxy */;
		};
		D46AC0F829169C1900CBC039 /* PBXTargetDependency */ = {
			isa = PBXTargetDependency;
			target = D46AC0D229169C1800CBC039 /* inJob */;
			targetProxy = D46AC0F729169C1900CBC039 /* PBXContainerItemProxy */;
		};
/* End PBXTargetDependency section */

/* Begin PBXVariantGroup section */
		D46AC0E429169C1900CBC039 /* LaunchScreen.storyboard */ = {
			isa = PBXVariantGroup;
			children = (
				D46AC0E529169C1900CBC039 /* Base */,
			);
			name = LaunchScreen.storyboard;
			sourceTree = "<group>";
		};
/* End PBXVariantGroup section */

/* Begin XCBuildConfiguration section */
		D46AC0FE29169C1900CBC039 /* Debug */ = {
			isa = XCBuildConfiguration;
			buildSettings = {
				ALWAYS_SEARCH_USER_PATHS = NO;
				CLANG_ANALYZER_NONNULL = YES;
				CLANG_ANALYZER_NUMBER_OBJECT_CONVERSION = YES_AGGRESSIVE;
				CLANG_CXX_LANGUAGE_STANDARD = "gnu++20";
				CLANG_ENABLE_MODULES = YES;
				CLANG_ENABLE_OBJC_ARC = YES;
				CLANG_ENABLE_OBJC_WEAK = YES;
				CLANG_WARN_BLOCK_CAPTURE_AUTORELEASING = YES;
				CLANG_WARN_BOOL_CONVERSION = YES;
				CLANG_WARN_COMMA = YES;
				CLANG_WARN_CONSTANT_CONVERSION = YES;
				CLANG_WARN_DEPRECATED_OBJC_IMPLEMENTATIONS = YES;
				CLANG_WARN_DIRECT_OBJC_ISA_USAGE = YES_ERROR;
				CLANG_WARN_DOCUMENTATION_COMMENTS = YES;
				CLANG_WARN_EMPTY_BODY = YES;
				CLANG_WARN_ENUM_CONVERSION = YES;
				CLANG_WARN_INFINITE_RECURSION = YES;
				CLANG_WARN_INT_CONVERSION = YES;
				CLANG_WARN_NON_LITERAL_NULL_CONVERSION = YES;
				CLANG_WARN_OBJC_IMPLICIT_RETAIN_SELF = YES;
				CLANG_WARN_OBJC_LITERAL_CONVERSION = YES;
				CLANG_WARN_OBJC_ROOT_CLASS = YES_ERROR;
				CLANG_WARN_QUOTED_INCLUDE_IN_FRAMEWORK_HEADER = YES;
				CLANG_WARN_RANGE_LOOP_ANALYSIS = YES;
				CLANG_WARN_STRICT_PROTOTYPES = YES;
				CLANG_WARN_SUSPICIOUS_MOVE = YES;
				CLANG_WARN_UNGUARDED_AVAILABILITY = YES_AGGRESSIVE;
				CLANG_WARN_UNREACHABLE_CODE = YES;
				CLANG_WARN__DUPLICATE_METHOD_MATCH = YES;
				COPY_PHASE_STRIP = NO;
				DEBUG_INFORMATION_FORMAT = dwarf;
				ENABLE_STRICT_OBJC_MSGSEND = YES;
				ENABLE_TESTABILITY = YES;
				GCC_C_LANGUAGE_STANDARD = gnu11;
				GCC_DYNAMIC_NO_PIC = NO;
				GCC_NO_COMMON_BLOCKS = YES;
				GCC_OPTIMIZATION_LEVEL = 0;
				GCC_PREPROCESSOR_DEFINITIONS = (
					"DEBUG=1",
					"$(inherited)",
				);
				GCC_WARN_64_TO_32_BIT_CONVERSION = YES;
				GCC_WARN_ABOUT_RETURN_TYPE = YES_ERROR;
				GCC_WARN_UNDECLARED_SELECTOR = YES;
				GCC_WARN_UNINITIALIZED_AUTOS = YES_AGGRESSIVE;
				GCC_WARN_UNUSED_FUNCTION = YES;
				GCC_WARN_UNUSED_VARIABLE = YES;
				IPHONEOS_DEPLOYMENT_TARGET = 16.0;
				MTL_ENABLE_DEBUG_INFO = INCLUDE_SOURCE;
				MTL_FAST_MATH = YES;
				ONLY_ACTIVE_ARCH = YES;
				SDKROOT = iphoneos;
				SWIFT_ACTIVE_COMPILATION_CONDITIONS = DEBUG;
				SWIFT_OPTIMIZATION_LEVEL = "-Onone";
			};
			name = Debug;
		};
		D46AC0FF29169C1900CBC039 /* Release */ = {
			isa = XCBuildConfiguration;
			buildSettings = {
				ALWAYS_SEARCH_USER_PATHS = NO;
				CLANG_ANALYZER_NONNULL = YES;
				CLANG_ANALYZER_NUMBER_OBJECT_CONVERSION = YES_AGGRESSIVE;
				CLANG_CXX_LANGUAGE_STANDARD = "gnu++20";
				CLANG_ENABLE_MODULES = YES;
				CLANG_ENABLE_OBJC_ARC = YES;
				CLANG_ENABLE_OBJC_WEAK = YES;
				CLANG_WARN_BLOCK_CAPTURE_AUTORELEASING = YES;
				CLANG_WARN_BOOL_CONVERSION = YES;
				CLANG_WARN_COMMA = YES;
				CLANG_WARN_CONSTANT_CONVERSION = YES;
				CLANG_WARN_DEPRECATED_OBJC_IMPLEMENTATIONS = YES;
				CLANG_WARN_DIRECT_OBJC_ISA_USAGE = YES_ERROR;
				CLANG_WARN_DOCUMENTATION_COMMENTS = YES;
				CLANG_WARN_EMPTY_BODY = YES;
				CLANG_WARN_ENUM_CONVERSION = YES;
				CLANG_WARN_INFINITE_RECURSION = YES;
				CLANG_WARN_INT_CONVERSION = YES;
				CLANG_WARN_NON_LITERAL_NULL_CONVERSION = YES;
				CLANG_WARN_OBJC_IMPLICIT_RETAIN_SELF = YES;
				CLANG_WARN_OBJC_LITERAL_CONVERSION = YES;
				CLANG_WARN_OBJC_ROOT_CLASS = YES_ERROR;
				CLANG_WARN_QUOTED_INCLUDE_IN_FRAMEWORK_HEADER = YES;
				CLANG_WARN_RANGE_LOOP_ANALYSIS = YES;
				CLANG_WARN_STRICT_PROTOTYPES = YES;
				CLANG_WARN_SUSPICIOUS_MOVE = YES;
				CLANG_WARN_UNGUARDED_AVAILABILITY = YES_AGGRESSIVE;
				CLANG_WARN_UNREACHABLE_CODE = YES;
				CLANG_WARN__DUPLICATE_METHOD_MATCH = YES;
				COPY_PHASE_STRIP = NO;
				DEBUG_INFORMATION_FORMAT = "dwarf-with-dsym";
				ENABLE_NS_ASSERTIONS = NO;
				ENABLE_STRICT_OBJC_MSGSEND = YES;
				GCC_C_LANGUAGE_STANDARD = gnu11;
				GCC_NO_COMMON_BLOCKS = YES;
				GCC_WARN_64_TO_32_BIT_CONVERSION = YES;
				GCC_WARN_ABOUT_RETURN_TYPE = YES_ERROR;
				GCC_WARN_UNDECLARED_SELECTOR = YES;
				GCC_WARN_UNINITIALIZED_AUTOS = YES_AGGRESSIVE;
				GCC_WARN_UNUSED_FUNCTION = YES;
				GCC_WARN_UNUSED_VARIABLE = YES;
				IPHONEOS_DEPLOYMENT_TARGET = 16.0;
				MTL_ENABLE_DEBUG_INFO = NO;
				MTL_FAST_MATH = YES;
				SDKROOT = iphoneos;
				SWIFT_COMPILATION_MODE = wholemodule;
				SWIFT_OPTIMIZATION_LEVEL = "-O";
				VALIDATE_PRODUCT = YES;
			};
			name = Release;
		};
		D46AC10129169C1900CBC039 /* Debug */ = {
			isa = XCBuildConfiguration;
			buildSettings = {
				ASSETCATALOG_COMPILER_APPICON_NAME = AppIcon;
				ASSETCATALOG_COMPILER_GLOBAL_ACCENT_COLOR_NAME = AccentColor;
				CODE_SIGN_IDENTITY = "Apple Development";
				CODE_SIGN_STYLE = Automatic;
				CURRENT_PROJECT_VERSION = 1;
				DEVELOPMENT_TEAM = ZRRAFM55PQ;
				GENERATE_INFOPLIST_FILE = YES;
				INFOPLIST_FILE = inJob/Info.plist;
				INFOPLIST_KEY_UIApplicationSupportsIndirectInputEvents = YES;
				INFOPLIST_KEY_UILaunchStoryboardName = LaunchScreen;
				INFOPLIST_KEY_UISupportedInterfaceOrientations_iPad = "UIInterfaceOrientationPortrait UIInterfaceOrientationPortraitUpsideDown UIInterfaceOrientationLandscapeLeft UIInterfaceOrientationLandscapeRight";
				INFOPLIST_KEY_UISupportedInterfaceOrientations_iPhone = "UIInterfaceOrientationPortrait UIInterfaceOrientationLandscapeLeft UIInterfaceOrientationLandscapeRight";
				IPHONEOS_DEPLOYMENT_TARGET = 13.0;
				LD_RUNPATH_SEARCH_PATHS = (
					"$(inherited)",
					"@executable_path/Frameworks",
				);
				MARKETING_VERSION = 1.0;
				PRODUCT_BUNDLE_IDENTIFIER = inJob.inJob;
				PRODUCT_NAME = "$(TARGET_NAME)";
				PROVISIONING_PROFILE_SPECIFIER = "";
				SWIFT_EMIT_LOC_STRINGS = YES;
				SWIFT_VERSION = 5.0;
				TARGETED_DEVICE_FAMILY = "1,2";
			};
			name = Debug;
		};
		D46AC10229169C1900CBC039 /* Release */ = {
			isa = XCBuildConfiguration;
			buildSettings = {
				ASSETCATALOG_COMPILER_APPICON_NAME = AppIcon;
				ASSETCATALOG_COMPILER_GLOBAL_ACCENT_COLOR_NAME = AccentColor;
				CODE_SIGN_IDENTITY = "Apple Development";
				CODE_SIGN_STYLE = Automatic;
				CURRENT_PROJECT_VERSION = 1;
				DEVELOPMENT_TEAM = ZRRAFM55PQ;
				GENERATE_INFOPLIST_FILE = YES;
				INFOPLIST_FILE = inJob/Info.plist;
				INFOPLIST_KEY_UIApplicationSupportsIndirectInputEvents = YES;
				INFOPLIST_KEY_UILaunchStoryboardName = LaunchScreen;
				INFOPLIST_KEY_UISupportedInterfaceOrientations_iPad = "UIInterfaceOrientationPortrait UIInterfaceOrientationPortraitUpsideDown UIInterfaceOrientationLandscapeLeft UIInterfaceOrientationLandscapeRight";
				INFOPLIST_KEY_UISupportedInterfaceOrientations_iPhone = "UIInterfaceOrientationPortrait UIInterfaceOrientationLandscapeLeft UIInterfaceOrientationLandscapeRight";
				IPHONEOS_DEPLOYMENT_TARGET = 13.0;
				LD_RUNPATH_SEARCH_PATHS = (
					"$(inherited)",
					"@executable_path/Frameworks",
				);
				MARKETING_VERSION = 1.0;
				PRODUCT_BUNDLE_IDENTIFIER = inJob.inJob;
				PRODUCT_NAME = "$(TARGET_NAME)";
				PROVISIONING_PROFILE_SPECIFIER = "";
				SWIFT_EMIT_LOC_STRINGS = YES;
				SWIFT_VERSION = 5.0;
				TARGETED_DEVICE_FAMILY = "1,2";
			};
			name = Release;
		};
		D46AC10429169C1900CBC039 /* Debug */ = {
			isa = XCBuildConfiguration;
			buildSettings = {
				ALWAYS_EMBED_SWIFT_STANDARD_LIBRARIES = YES;
				BUNDLE_LOADER = "$(TEST_HOST)";
				CODE_SIGN_STYLE = Automatic;
				CURRENT_PROJECT_VERSION = 1;
				GENERATE_INFOPLIST_FILE = YES;
				IPHONEOS_DEPLOYMENT_TARGET = 16.0;
				MARKETING_VERSION = 1.0;
				PRODUCT_BUNDLE_IDENTIFIER = inJob.inJobTests;
				PRODUCT_NAME = "$(TARGET_NAME)";
				SWIFT_EMIT_LOC_STRINGS = NO;
				SWIFT_VERSION = 5.0;
				TARGETED_DEVICE_FAMILY = "1,2";
				TEST_HOST = "$(BUILT_PRODUCTS_DIR)/inJob.app/$(BUNDLE_EXECUTABLE_FOLDER_PATH)/inJob";
			};
			name = Debug;
		};
		D46AC10529169C1900CBC039 /* Release */ = {
			isa = XCBuildConfiguration;
			buildSettings = {
				ALWAYS_EMBED_SWIFT_STANDARD_LIBRARIES = YES;
				BUNDLE_LOADER = "$(TEST_HOST)";
				CODE_SIGN_STYLE = Automatic;
				CURRENT_PROJECT_VERSION = 1;
				GENERATE_INFOPLIST_FILE = YES;
				IPHONEOS_DEPLOYMENT_TARGET = 16.0;
				MARKETING_VERSION = 1.0;
				PRODUCT_BUNDLE_IDENTIFIER = inJob.inJobTests;
				PRODUCT_NAME = "$(TARGET_NAME)";
				SWIFT_EMIT_LOC_STRINGS = NO;
				SWIFT_VERSION = 5.0;
				TARGETED_DEVICE_FAMILY = "1,2";
				TEST_HOST = "$(BUILT_PRODUCTS_DIR)/inJob.app/$(BUNDLE_EXECUTABLE_FOLDER_PATH)/inJob";
			};
			name = Release;
		};
		D46AC10729169C1900CBC039 /* Debug */ = {
			isa = XCBuildConfiguration;
			buildSettings = {
				ALWAYS_EMBED_SWIFT_STANDARD_LIBRARIES = YES;
				CODE_SIGN_STYLE = Automatic;
				CURRENT_PROJECT_VERSION = 1;
				GENERATE_INFOPLIST_FILE = YES;
				MARKETING_VERSION = 1.0;
				PRODUCT_BUNDLE_IDENTIFIER = inJob.inJobUITests;
				PRODUCT_NAME = "$(TARGET_NAME)";
				SWIFT_EMIT_LOC_STRINGS = NO;
				SWIFT_VERSION = 5.0;
				TARGETED_DEVICE_FAMILY = "1,2";
				TEST_TARGET_NAME = inJob;
			};
			name = Debug;
		};
		D46AC10829169C1900CBC039 /* Release */ = {
			isa = XCBuildConfiguration;
			buildSettings = {
				ALWAYS_EMBED_SWIFT_STANDARD_LIBRARIES = YES;
				CODE_SIGN_STYLE = Automatic;
				CURRENT_PROJECT_VERSION = 1;
				GENERATE_INFOPLIST_FILE = YES;
				MARKETING_VERSION = 1.0;
				PRODUCT_BUNDLE_IDENTIFIER = inJob.inJobUITests;
				PRODUCT_NAME = "$(TARGET_NAME)";
				SWIFT_EMIT_LOC_STRINGS = NO;
				SWIFT_VERSION = 5.0;
				TARGETED_DEVICE_FAMILY = "1,2";
				TEST_TARGET_NAME = inJob;
			};
			name = Release;
		};
/* End XCBuildConfiguration section */

/* Begin XCConfigurationList section */
		D46AC0CE29169C1800CBC039 /* Build configuration list for PBXProject "inJob" */ = {
			isa = XCConfigurationList;
			buildConfigurations = (
				D46AC0FE29169C1900CBC039 /* Debug */,
				D46AC0FF29169C1900CBC039 /* Release */,
			);
			defaultConfigurationIsVisible = 0;
			defaultConfigurationName = Release;
		};
		D46AC10029169C1900CBC039 /* Build configuration list for PBXNativeTarget "inJob" */ = {
			isa = XCConfigurationList;
			buildConfigurations = (
				D46AC10129169C1900CBC039 /* Debug */,
				D46AC10229169C1900CBC039 /* Release */,
			);
			defaultConfigurationIsVisible = 0;
			defaultConfigurationName = Release;
		};
		D46AC10329169C1900CBC039 /* Build configuration list for PBXNativeTarget "inJobTests" */ = {
			isa = XCConfigurationList;
			buildConfigurations = (
				D46AC10429169C1900CBC039 /* Debug */,
				D46AC10529169C1900CBC039 /* Release */,
			);
			defaultConfigurationIsVisible = 0;
			defaultConfigurationName = Release;
		};
		D46AC10629169C1900CBC039 /* Build configuration list for PBXNativeTarget "inJobUITests" */ = {
			isa = XCConfigurationList;
			buildConfigurations = (
				D46AC10729169C1900CBC039 /* Debug */,
				D46AC10829169C1900CBC039 /* Release */,
			);
			defaultConfigurationIsVisible = 0;
			defaultConfigurationName = Release;
		};
/* End XCConfigurationList section */

/* Begin XCVersionGroup section */
		D46AC0DF29169C1800CBC039 /* inJob.xcdatamodeld */ = {
			isa = XCVersionGroup;
			children = (
				D46AC0E029169C1800CBC039 /* inJob.xcdatamodel */,
			);
			currentVersion = D46AC0E029169C1800CBC039 /* inJob.xcdatamodel */;
			path = inJob.xcdatamodeld;
			sourceTree = "<group>";
			versionGroupType = wrapper.xcdatamodel;
		};
/* End XCVersionGroup section */
	};
	rootObject = D46AC0CB29169C1800CBC039 /* Project object */;
}
